
Microsoft Visual Studio Solution File, Format Version 12.00
# Visual Studio Version 16
VisualStudioVersion = 16.0.29503.13
MinimumVisualStudioVersion = 10.0.40219.1
Project("{FAE04EC0-301F-11D3-BF4B-00C04F79EFBC}") = "PointOfSale", "PointOfSaleTerminal\PointOfSale.csproj", "{8DB44760-7FBB-4F8E-AC5B-24DDDFAB2B65}"
EndProject
Project("{FAE04EC0-301F-11D3-BF4B-00C04F79EFBC}") = "PointOfSaleTerminalTest", "PointOfSaleTerminalTest\PointOfSaleTerminalTest.csproj", "{A5B9E69D-2B2E-444D-AE90-0AECD1503480}"
EndProject
Global
	GlobalSection(SolutionConfigurationPlatforms) = preSolution
		Debug|Any CPU = Debug|Any CPU
		Release|Any CPU = Release|Any CPU
	EndGlobalSection
	GlobalSection(ProjectConfigurationPlatforms) = postSolution
		{8DB44760-7FBB-4F8E-AC5B-24DDDFAB2B65}.Debug|Any CPU.ActiveCfg = Debug|Any CPU
		{8DB44760-7FBB-4F8E-AC5B-24DDDFAB2B65}.Debug|Any CPU.Build.0 = Debug|Any CPU
		{8DB44760-7FBB-4F8E-AC5B-24DDDFAB2B65}.Release|Any CPU.ActiveCfg = Release|Any CPU
		{8DB44760-7FBB-4F8E-AC5B-24DDDFAB2B65}.Release|Any CPU.Build.0 = Release|Any CPU
		{A5B9E69D-2B2E-444D-AE90-0AECD1503480}.Debug|Any CPU.ActiveCfg = Debug|Any CPU
		{A5B9E69D-2B2E-444D-AE90-0AECD1503480}.Debug|Any CPU.Build.0 = Debug|Any CPU
		{A5B9E69D-2B2E-444D-AE90-0AECD1503480}.Release|Any CPU.ActiveCfg = Release|Any CPU
		{A5B9E69D-2B2E-444D-AE90-0AECD1503480}.Release|Any CPU.Build.0 = Release|Any CPU
	EndGlobalSection
	GlobalSection(SolutionProperties) = preSolution
		HideSolutionNode = FALSE
	EndGlobalSection
	GlobalSection(ExtensibilityGlobals) = postSolution
		SolutionGuid = {5B6C36E3-D2DB-436E-85B7-7BA5CDA673B9}
	EndGlobalSection
EndGlobal
